Microsoft Visual Studio Solution File, Format Version 12.00
# Visual Studio 2012
Project("{FAE04EC0-301F-11D3-BF4B-00C04F79EFBC}") = "platformer test", "platformer test.csproj", "{8B098DB2-B2DB-4BCD-8E05-009B42E0CC7F}"
EndProject
Global
	GlobalSection(SolutionConfigurationPlatforms) = preSolution
	Debug|Any CPU = Debug|Any CPU
	ExportDebug|Any CPU = ExportDebug|Any CPU
	ExportRelease|Any CPU = ExportRelease|Any CPU
	EndGlobalSection
	GlobalSection(ProjectConfigurationPlatforms) = postSolution
		{8B098DB2-B2DB-4BCD-8E05-009B42E0CC7F}.Debug|Any CPU.ActiveCfg = Debug|Any CPU
		{8B098DB2-B2DB-4BCD-8E05-009B42E0CC7F}.Debug|Any CPU.Build.0 = Debug|Any CPU
		{8B098DB2-B2DB-4BCD-8E05-009B42E0CC7F}.ExportDebug|Any CPU.ActiveCfg = ExportDebug|Any CPU
		{8B098DB2-B2DB-4BCD-8E05-009B42E0CC7F}.ExportDebug|Any CPU.Build.0 = ExportDebug|Any CPU
		{8B098DB2-B2DB-4BCD-8E05-009B42E0CC7F}.ExportRelease|Any CPU.ActiveCfg = ExportRelease|Any CPU
		{8B098DB2-B2DB-4BCD-8E05-009B42E0CC7F}.ExportRelease|Any CPU.Build.0 = ExportRelease|Any CPU
	EndGlobalSection
EndGlobal
